{
  "name": "dht-keyvalue",
  "version": "1.0.5",
  "lockfileVersion": 2,
  "requires": true,
  "packages": {
    "": {
      "version": "1.0.5",
      "license": "MIT",
      "dependencies": {
        "bittorrent-dht": "^10.0.1",
        "bittorrent-dht-sodium": "^1.2.0"
      }
    },
    "node_modules/bencode": {
      "version": "2.0.1",
      "resolved": "https://registry.npmjs.org/bencode/-/bencode-2.0.1.tgz",
      "integrity": "sha512-2uhEl8FdjSBUyb69qDTgOEeeqDTa+n3yMQzLW0cOzNf1Ow5bwcg3idf+qsWisIKRH8Bk8oC7UXL8irRcPA8ZEQ==",
      "dependencies": {
        "safe-buffer": "^5.1.1"
      }
    },
    "node_modules/bittorrent-dht": {
      "version": "10.0.1",
      "resolved": "https://registry.npmjs.org/bittorrent-dht/-/bittorrent-dht-10.0.1.tgz",
      "integrity": "sha512-aR0vAgm+SgLiwTCEtNgeuqtT2deg+E/xHCTb7iryikvLbqbR58oFHbNYX4CM6EzyNGSKfcdBKp1gWI5Gcn2Aaw==",
      "funding": [
        {
          "type": "github",
          "url": "https://github.com/sponsors/feross"
        },
        {
          "type": "patreon",
          "url": "https://www.patreon.com/feross"
        },
        {
          "type": "consulting",
          "url": "https://feross.org/support"
        }
      ],
      "dependencies": {
        "bencode": "^2.0.0",
        "debug": "^4.1.1",
        "k-bucket": "^5.0.0",
        "k-rpc": "^5.0.0",
        "last-one-wins": "^1.0.4",
        "lru": "^3.1.0",
        "randombytes": "^2.0.5",
        "record-cache": "^1.0.2",
        "simple-sha1": "^3.0.0"
      },
      "engines": {
        "node": ">=10"
      }
    },
    "node_modules/bittorrent-dht-sodium": {
      "version": "1.2.0",
      "resolved": "https://registry.npmjs.org/bittorrent-dht-sodium/-/bittorrent-dht-sodium-1.2.0.tgz",
      "integrity": "sha512-qDUtTixcqizCb1hjsi/JnxXljna2R+93ZSWq77phKEf5sgs3Yda17+lanMKLaMGGeuwN60UXfrtmxHCtb6Rehw==",
      "dependencies": {
        "sodium-native": "^3.0.0"
      }
    },
    "node_modules/chrome-dgram": {
      "version": "3.0.6",
      "resolved": "https://registry.npmjs.org/chrome-dgram/-/chrome-dgram-3.0.6.tgz",
      "integrity": "sha512-bqBsUuaOiXiqxXt/zA/jukNJJ4oaOtc7ciwqJpZVEaaXwwxqgI2/ZdG02vXYWUhHGziDlvGMQWk0qObgJwVYKA==",
      "funding": [
        {
          "type": "github",
          "url": "https://github.com/sponsors/feross"
        },
        {
          "type": "patreon",
          "url": "https://www.patreon.com/feross"
        },
        {
          "type": "consulting",
          "url": "https://feross.org/support"
        }
      ],
      "dependencies": {
        "inherits": "^2.0.4",
        "run-series": "^1.1.9"
      }
    },
    "node_modules/chrome-dns": {
      "version": "1.0.1",
      "resolved": "https://registry.npmjs.org/chrome-dns/-/chrome-dns-1.0.1.tgz",
      "integrity": "sha512-HqsYJgIc8ljJJOqOzLphjAs79EUuWSX3nzZi2LNkzlw3GIzAeZbaSektC8iT/tKvLqZq8yl1GJu5o6doA4TRbg==",
      "dependencies": {
        "chrome-net": "^3.3.2"
      }
    },
    "node_modules/chrome-net": {
      "version": "3.3.4",
      "resolved": "https://registry.npmjs.org/chrome-net/-/chrome-net-3.3.4.tgz",
      "integrity": "sha512-Jzy2EnzmE+ligqIZUsmWnck9RBXLuUy6CaKyuNMtowFG3ZvLt8d+WBJCTPEludV0DHpIKjAOlwjFmTaEdfdWCw==",
      "funding": [
        {
          "type": "github",
          "url": "https://github.com/sponsors/feross"
        },
        {
          "type": "patreon",
          "url": "https://www.patreon.com/feross"
        },
        {
          "type": "consulting",
          "url": "https://feross.org/support"
        }
      ],
      "dependencies": {
        "inherits": "^2.0.1"
      }
    },
    "node_modules/debug": {
      "version": "4.3.2",
      "resolved": "https://registry.npmjs.org/debug/-/debug-4.3.2.tgz",
      "integrity": "sha512-mOp8wKcvj7XxC78zLgw/ZA+6TSgkoE2C/ienthhRD298T7UNwAg9diBpLRxC0mOezLl4B0xV7M0cCO6P/O0Xhw==",
      "dependencies": {
        "ms": "2.1.2"
      },
      "engines": {
        "node": ">=6.0"
      },
      "peerDependenciesMeta": {
        "supports-color": {
          "optional": true
        }
      }
    },
    "node_modules/inherits": {
      "version": "2.0.4",
      "resolved": "https://registry.npmjs.org/inherits/-/inherits-2.0.4.tgz",
      "integrity": "sha512-k/vGaX4/Yla3WzyMCvTQOXYeIHvqOKtnqBduzTHpzpQZzAskKMhZ2K+EnBiSM9zGSoIFeMpXKxa4dYeZIQqewQ=="
    },
    "node_modules/ini": {
      "version": "1.3.8",
      "resolved": "https://registry.npmjs.org/ini/-/ini-1.3.8.tgz",
      "integrity": "sha512-JV/yugV2uzW5iMRSiZAyDtQd+nxtUnjeLt0acNdw98kKLrvuRVyB80tsREOE7yvGVgalhZ6RNXCmEHkUKBKxew=="
    },
    "node_modules/k-bucket": {
      "version": "5.1.0",
      "resolved": "https://registry.npmjs.org/k-bucket/-/k-bucket-5.1.0.tgz",
      "integrity": "sha512-Fac7iINEovXIWU20GPnOMLUbjctiS+cnmyjC4zAUgvs3XPf1vo9akfCHkigftSic/jiKqKl+KA3a/vFcJbHyCg==",
      "dependencies": {
        "randombytes": "^2.1.0"
      }
    },
    "node_modules/k-rpc": {
      "version": "5.1.0",
      "resolved": "https://registry.npmjs.org/k-rpc/-/k-rpc-5.1.0.tgz",
      "integrity": "sha512-FGc+n70Hcjoa/X2JTwP+jMIOpBz+pkRffHnSl9yrYiwUxg3FIgD50+u1ePfJUOnRCnx6pbjmVk5aAeB1wIijuQ==",
      "dependencies": {
        "k-bucket": "^5.0.0",
        "k-rpc-socket": "^1.7.2",
        "randombytes": "^2.0.5"
      }
    },
    "node_modules/k-rpc-socket": {
      "version": "1.11.1",
      "resolved": "https://registry.npmjs.org/k-rpc-socket/-/k-rpc-socket-1.11.1.tgz",
      "integrity": "sha512-8xtA8oqbZ6v1Niryp2/g4GxW16EQh5MvrUylQoOG+zcrDff5CKttON2XUXvMwlIHq4/2zfPVFiinAccJ+WhxoA==",
      "dependencies": {
        "bencode": "^2.0.0",
        "chrome-dgram": "^3.0.2",
        "chrome-dns": "^1.0.0",
        "chrome-net": "^3.3.2"
      }
    },
    "node_modules/last-one-wins": {
      "version": "1.0.4",
      "resolved": "https://registry.npmjs.org/last-one-wins/-/last-one-wins-1.0.4.tgz",
      "integrity": "sha1-wb/Qy8tGeQ7JFWuNGu6Py4bNoio="
    },
    "node_modules/lru": {
      "version": "3.1.0",
      "resolved": "https://registry.npmjs.org/lru/-/lru-3.1.0.tgz",
      "integrity": "sha1-6n+4VG2DczOWoTCR12z+tMBoN9U=",
      "dependencies": {
        "inherits": "^2.0.1"
      },
      "engines": {
        "node": ">= 0.4.0"
      }
    },
    "node_modules/ms": {
      "version": "2.1.2",
      "resolved": "https://registry.npmjs.org/ms/-/ms-2.1.2.tgz",
      "integrity": "sha512-sGkPx+VjMtmA6MX27oA4FBFELFCZZ4S4XqeGOXCv68tT+jb3vk/RyaKWP0PTKyWtmLSM0b+adUTEvbs1PEaH2w=="
    },
    "node_modules/node-gyp-build": {
      "version": "4.2.3",
      "resolved": "https://registry.npmjs.org/node-gyp-build/-/node-gyp-build-4.2.3.tgz",
      "integrity": "sha512-MN6ZpzmfNCRM+3t57PTJHgHyw/h4OWnZ6mR8P5j/uZtqQr46RRuDE/P+g3n0YR/AiYXeWixZZzaip77gdICfRg==",
      "bin": {
        "node-gyp-build": "bin.js",
        "node-gyp-build-optional": "optional.js",
        "node-gyp-build-test": "build-test.js"
      }
    },
    "node_modules/queue-microtask": {
      "version": "1.2.3",
      "resolved": "https://registry.npmjs.org/queue-microtask/-/queue-microtask-1.2.3.tgz",
      "integrity": "sha512-NuaNSa6flKT5JaSYQzJok04JzTL1CA6aGhv5rfLW3PgqA+M2ChpZQnAC8h8i4ZFkBS8X5RqkDBHA7r4hej3K9A==",
      "funding": [
        {
          "type": "github",
          "url": "https://github.com/sponsors/feross"
        },
        {
          "type": "patreon",
          "url": "https://www.patreon.com/feross"
        },
        {
          "type": "consulting",
          "url": "https://feross.org/support"
        }
      ]
    },
    "node_modules/randombytes": {
      "version": "2.1.0",
      "resolved": "https://registry.npmjs.org/randombytes/-/randombytes-2.1.0.tgz",
      "integrity": "sha512-vYl3iOX+4CKUWuxGi9Ukhie6fsqXqS9FE2Zaic4tNFD2N2QQaXOMFbuKK4QmDHC0JO6B1Zp41J0LpT0oR68amQ==",
      "dependencies": {
        "safe-buffer": "^5.1.0"
      }
    },
    "node_modules/record-cache": {
      "version": "1.1.1",
      "resolved": "https://registry.npmjs.org/record-cache/-/record-cache-1.1.1.tgz",
      "integrity": "sha512-L5hZlgWc7CmGbztnemQoKE1bLu9rtI2skOB0ttE4C5+TVszLE8Rd0YLTROSgvXKLAqPumS/soyN5tJW5wJLmJQ=="
    },
    "node_modules/run-series": {
      "version": "1.1.9",
      "resolved": "https://registry.npmjs.org/run-series/-/run-series-1.1.9.tgz",
      "integrity": "sha512-Arc4hUN896vjkqCYrUXquBFtRZdv1PfLbTYP71efP6butxyQ0kWpiNJyAgsxscmQg1cqvHY32/UCBzXedTpU2g==",
      "funding": [
        {
          "type": "github",
          "url": "https://github.com/sponsors/feross"
        },
        {
          "type": "patreon",
          "url": "https://www.patreon.com/feross"
        },
        {
          "type": "consulting",
          "url": "https://feross.org/support"
        }
      ]
    },
    "node_modules/rusha": {
      "version": "0.8.14",
      "resolved": "https://registry.npmjs.org/rusha/-/rusha-0.8.14.tgz",
      "integrity": "sha512-cLgakCUf6PedEu15t8kbsjnwIFFR2D4RfL+W3iWFJ4iac7z4B0ZI8fxy4R3J956kAI68HclCFGL8MPoUVC3qVA=="
    },
    "node_modules/safe-buffer": {
      "version": "5.2.1",
      "resolved": "https://registry.npmjs.org/safe-buffer/-/safe-buffer-5.2.1.tgz",
      "integrity": "sha512-rp3So07KcdmmKbGvgaNxQSJr7bGVSVk5S9Eq1F+ppbRo70+YeaDxkw5Dd8NPN+GD6bjnYm2VuPuCXmpuYvmCXQ==",
      "funding": [
        {
          "type": "github",
          "url": "https://github.com/sponsors/feross"
        },
        {
          "type": "patreon",
          "url": "https://www.patreon.com/feross"
        },
        {
          "type": "consulting",
          "url": "https://feross.org/support"
        }
      ]
    },
    "node_modules/simple-sha1": {
      "version": "3.1.0",
      "resolved": "https://registry.npmjs.org/simple-sha1/-/simple-sha1-3.1.0.tgz",
      "integrity": "sha512-ArTptMRC1v08H8ihPD6l0wesKvMfF9e8XL5rIHPanI7kGOsSsbY514MwVu6X1PITHCTB2F08zB7cyEbfc4wQjg==",
      "dependencies": {
        "queue-microtask": "^1.2.2",
        "rusha": "^0.8.13"
      }
    },
    "node_modules/sodium-native": {
      "version": "3.2.1",
      "resolved": "https://registry.npmjs.org/sodium-native/-/sodium-native-3.2.1.tgz",
      "integrity": "sha512-EgDZ/Z7PxL2kCasKk7wnRkV8W9kvwuIlHuHXAxkQm3FF0MgVsjyLBXGjSRGhjE6u7rhSpk3KaMfFM23bfMysIQ==",
      "hasInstallScript": true,
      "dependencies": {
        "ini": "^1.3.5",
        "node-gyp-build": "^4.2.0"
      }
    }
  },
  "dependencies": {
    "bencode": {
      "version": "2.0.1",
      "resolved": "https://registry.npmjs.org/bencode/-/bencode-2.0.1.tgz",
      "integrity": "sha512-2uhEl8FdjSBUyb69qDTgOEeeqDTa+n3yMQzLW0cOzNf1Ow5bwcg3idf+qsWisIKRH8Bk8oC7UXL8irRcPA8ZEQ==",
      "requires": {
        "safe-buffer": "^5.1.1"
      }
    },
    "bittorrent-dht": {
      "version": "10.0.1",
      "resolved": "https://registry.npmjs.org/bittorrent-dht/-/bittorrent-dht-10.0.1.tgz",
      "integrity": "sha512-aR0vAgm+SgLiwTCEtNgeuqtT2deg+E/xHCTb7iryikvLbqbR58oFHbNYX4CM6EzyNGSKfcdBKp1gWI5Gcn2Aaw==",
      "requires": {
        "bencode": "^2.0.0",
        "debug": "^4.1.1",
        "k-bucket": "^5.0.0",
        "k-rpc": "^5.0.0",
        "last-one-wins": "^1.0.4",
        "lru": "^3.1.0",
        "randombytes": "^2.0.5",
        "record-cache": "^1.0.2",
        "simple-sha1": "^3.0.0"
      }
    },
    "bittorrent-dht-sodium": {
      "version": "1.2.0",
      "resolved": "https://registry.npmjs.org/bittorrent-dht-sodium/-/bittorrent-dht-sodium-1.2.0.tgz",
      "integrity": "sha512-qDUtTixcqizCb1hjsi/JnxXljna2R+93ZSWq77phKEf5sgs3Yda17+lanMKLaMGGeuwN60UXfrtmxHCtb6Rehw==",
      "requires": {
        "sodium-native": "^3.0.0"
      }
    },
    "chrome-dgram": {
      "version": "3.0.6",
      "resolved": "https://registry.npmjs.org/chrome-dgram/-/chrome-dgram-3.0.6.tgz",
      "integrity": "sha512-bqBsUuaOiXiqxXt/zA/jukNJJ4oaOtc7ciwqJpZVEaaXwwxqgI2/ZdG02vXYWUhHGziDlvGMQWk0qObgJwVYKA==",
      "requires": {
        "inherits": "^2.0.4",
        "run-series": "^1.1.9"
      }
    },
    "chrome-dns": {
      "version": "1.0.1",
      "resolved": "https://registry.npmjs.org/chrome-dns/-/chrome-dns-1.0.1.tgz",
      "integrity": "sha512-HqsYJgIc8ljJJOqOzLphjAs79EUuWSX3nzZi2LNkzlw3GIzAeZbaSektC8iT/tKvLqZq8yl1GJu5o6doA4TRbg==",
      "requires": {
        "chrome-net": "^3.3.2"
      }
    },
    "chrome-net": {
      "version": "3.3.4",
      "resolved": "https://registry.npmjs.org/chrome-net/-/chrome-net-3.3.4.tgz",
      "integrity": "sha512-Jzy2EnzmE+ligqIZUsmWnck9RBXLuUy6CaKyuNMtowFG3ZvLt8d+WBJCTPEludV0DHpIKjAOlwjFmTaEdfdWCw==",
      "requires": {
        "inherits": "^2.0.1"
      }
    },
    "debug": {
      "version": "4.3.2",
      "resolved": "https://registry.npmjs.org/debug/-/debug-4.3.2.tgz",
      "integrity": "sha512-mOp8wKcvj7XxC78zLgw/ZA+6TSgkoE2C/ienthhRD298T7UNwAg9diBpLRxC0mOezLl4B0xV7M0cCO6P/O0Xhw==",
      "requires": {
        "ms": "2.1.2"
      }
    },
    "inherits": {
      "version": "2.0.4",
      "resolved": "https://registry.npmjs.org/inherits/-/inherits-2.0.4.tgz",
      "integrity": "sha512-k/vGaX4/Yla3WzyMCvTQOXYeIHvqOKtnqBduzTHpzpQZzAskKMhZ2K+EnBiSM9zGSoIFeMpXKxa4dYeZIQqewQ=="
    },
    "ini": {
      "version": "1.3.8",
      "resolved": "https://registry.npmjs.org/ini/-/ini-1.3.8.tgz",
      "integrity": "sha512-JV/yugV2uzW5iMRSiZAyDtQd+nxtUnjeLt0acNdw98kKLrvuRVyB80tsREOE7yvGVgalhZ6RNXCmEHkUKBKxew=="
    },
    "k-bucket": {
      "version": "5.1.0",
      "resolved": "https://registry.npmjs.org/k-bucket/-/k-bucket-5.1.0.tgz",
      "integrity": "sha512-Fac7iINEovXIWU20GPnOMLUbjctiS+cnmyjC4zAUgvs3XPf1vo9akfCHkigftSic/jiKqKl+KA3a/vFcJbHyCg==",
      "requires": {
        "randombytes": "^2.1.0"
      }
    },
    "k-rpc": {
      "version": "5.1.0",
      "resolved": "https://registry.npmjs.org/k-rpc/-/k-rpc-5.1.0.tgz",
      "integrity": "sha512-FGc+n70Hcjoa/X2JTwP+jMIOpBz+pkRffHnSl9yrYiwUxg3FIgD50+u1ePfJUOnRCnx6pbjmVk5aAeB1wIijuQ==",
      "requires": {
        "k-bucket": "^5.0.0",
        "k-rpc-socket": "^1.7.2",
        "randombytes": "^2.0.5"
      }
    },
    "k-rpc-socket": {
      "version": "1.11.1",
      "resolved": "https://registry.npmjs.org/k-rpc-socket/-/k-rpc-socket-1.11.1.tgz",
      "integrity": "sha512-8xtA8oqbZ6v1Niryp2/g4GxW16EQh5MvrUylQoOG+zcrDff5CKttON2XUXvMwlIHq4/2zfPVFiinAccJ+WhxoA==",
      "requires": {
        "bencode": "^2.0.0",
        "chrome-dgram": "^3.0.2",
        "chrome-dns": "^1.0.0",
        "chrome-net": "^3.3.2"
      }
    },
    "last-one-wins": {
      "version": "1.0.4",
      "resolved": "https://registry.npmjs.org/last-one-wins/-/last-one-wins-1.0.4.tgz",
      "integrity": "sha1-wb/Qy8tGeQ7JFWuNGu6Py4bNoio="
    },
    "lru": {
      "version": "3.1.0",
      "resolved": "https://registry.npmjs.org/lru/-/lru-3.1.0.tgz",
      "integrity": "sha1-6n+4VG2DczOWoTCR12z+tMBoN9U=",
      "requires": {
        "inherits": "^2.0.1"
      }
    },
    "ms": {
      "version": "2.1.2",
      "resolved": "https://registry.npmjs.org/ms/-/ms-2.1.2.tgz",
      "integrity": "sha512-sGkPx+VjMtmA6MX27oA4FBFELFCZZ4S4XqeGOXCv68tT+jb3vk/RyaKWP0PTKyWtmLSM0b+adUTEvbs1PEaH2w=="
    },
    "node-gyp-build": {
      "version": "4.2.3",
      "resolved": "https://registry.npmjs.org/node-gyp-build/-/node-gyp-build-4.2.3.tgz",
      "integrity": "sha512-MN6ZpzmfNCRM+3t57PTJHgHyw/h4OWnZ6mR8P5j/uZtqQr46RRuDE/P+g3n0YR/AiYXeWixZZzaip77gdICfRg=="
    },
    "queue-microtask": {
      "version": "1.2.3",
      "resolved": "https://registry.npmjs.org/queue-microtask/-/queue-microtask-1.2.3.tgz",
      "integrity": "sha512-NuaNSa6flKT5JaSYQzJok04JzTL1CA6aGhv5rfLW3PgqA+M2ChpZQnAC8h8i4ZFkBS8X5RqkDBHA7r4hej3K9A=="
    },
    "randombytes": {
      "version": "2.1.0",
      "resolved": "https://registry.npmjs.org/randombytes/-/randombytes-2.1.0.tgz",
      "integrity": "sha512-vYl3iOX+4CKUWuxGi9Ukhie6fsqXqS9FE2Zaic4tNFD2N2QQaXOMFbuKK4QmDHC0JO6B1Zp41J0LpT0oR68amQ==",
      "requires": {
        "safe-buffer": "^5.1.0"
      }
    },
    "record-cache": {
      "version": "1.1.1",
      "resolved": "https://registry.npmjs.org/record-cache/-/record-cache-1.1.1.tgz",
      "integrity": "sha512-L5hZlgWc7CmGbztnemQoKE1bLu9rtI2skOB0ttE4C5+TVszLE8Rd0YLTROSgvXKLAqPumS/soyN5tJW5wJLmJQ=="
    },
    "run-series": {
      "version": "1.1.9",
      "resolved": "https://registry.npmjs.org/run-series/-/run-series-1.1.9.tgz",
      "integrity": "sha512-Arc4hUN896vjkqCYrUXquBFtRZdv1PfLbTYP71efP6butxyQ0kWpiNJyAgsxscmQg1cqvHY32/UCBzXedTpU2g=="
    },
    "rusha": {
      "version": "0.8.14",
      "resolved": "https://registry.npmjs.org/rusha/-/rusha-0.8.14.tgz",
      "integrity": "sha512-cLgakCUf6PedEu15t8kbsjnwIFFR2D4RfL+W3iWFJ4iac7z4B0ZI8fxy4R3J956kAI68HclCFGL8MPoUVC3qVA=="
    },
    "safe-buffer": {
      "version": "5.2.1",
      "resolved": "https://registry.npmjs.org/safe-buffer/-/safe-buffer-5.2.1.tgz",
      "integrity": "sha512-rp3So07KcdmmKbGvgaNxQSJr7bGVSVk5S9Eq1F+ppbRo70+YeaDxkw5Dd8NPN+GD6bjnYm2VuPuCXmpuYvmCXQ=="
    },
    "simple-sha1": {
      "version": "3.1.0",
      "resolved": "https://registry.npmjs.org/simple-sha1/-/simple-sha1-3.1.0.tgz",
      "integrity": "sha512-ArTptMRC1v08H8ihPD6l0wesKvMfF9e8XL5rIHPanI7kGOsSsbY514MwVu6X1PITHCTB2F08zB7cyEbfc4wQjg==",
      "requires": {
        "queue-microtask": "^1.2.2",
        "rusha": "^0.8.13"
      }
    },
    "sodium-native": {
      "version": "3.2.1",
      "resolved": "https://registry.npmjs.org/sodium-native/-/sodium-native-3.2.1.tgz",
      "integrity": "sha512-EgDZ/Z7PxL2kCasKk7wnRkV8W9kvwuIlHuHXAxkQm3FF0MgVsjyLBXGjSRGhjE6u7rhSpk3KaMfFM23bfMysIQ==",
      "requires": {
        "ini": "^1.3.5",
        "node-gyp-build": "^4.2.0"
      }
    }
  }
}
